
Microsoft Visual Studio Solution File, Format Version 12.00
# Visual Studio 15
Project("{FAE04EC0-301F-11D3-BF4B-00C04F79EFBC}") = "Assembly-CSharp", "Assembly-CSharp.csproj", "{3ADA5FB3-D9AC-D086-0B01-30E41D8268C1}"
EndProject
Project("{FAE04EC0-301F-11D3-BF4B-00C04F79EFBC}") = "Assembly-CSharp-firstpass", "Assembly-CSharp-firstpass.csproj", "{DC18625A-EE23-28EC-DA71-6CA15C089425}"
EndProject
Project("{FAE04EC0-301F-11D3-BF4B-00C04F79EFBC}") = "Assembly-CSharp-Editor-firstpass", "Assembly-CSharp-Editor-firstpass.csproj", "{DE4134E8-515C-78BD-3275-6FC28689E1D5}"
EndProject
Global
	GlobalSection(SolutionConfigurationPlatforms) = preSolution
		Debug|Any CPU = Debug|Any CPU
		Release|Any CPU = Release|Any CPU
	EndGlobalSection
	GlobalSection(ProjectConfigurationPlatforms) = postSolution
		{3ADA5FB3-D9AC-D086-0B01-30E41D8268C1}.Debug|Any CPU.ActiveCfg = Debug|Any CPU
		{3ADA5FB3-D9AC-D086-0B01-30E41D8268C1}.Debug|Any CPU.Build.0 = Debug|Any CPU
		{3ADA5FB3-D9AC-D086-0B01-30E41D8268C1}.Release|Any CPU.ActiveCfg = Release|Any CPU
		{3ADA5FB3-D9AC-D086-0B01-30E41D8268C1}.Release|Any CPU.Build.0 = Release|Any CPU
		{DC18625A-EE23-28EC-DA71-6CA15C089425}.Debug|Any CPU.ActiveCfg = Debug|Any CPU
		{DC18625A-EE23-28EC-DA71-6CA15C089425}.Debug|Any CPU.Build.0 = Debug|Any CPU
		{DC18625A-EE23-28EC-DA71-6CA15C089425}.Release|Any CPU.ActiveCfg = Release|Any CPU
		{DC18625A-EE23-28EC-DA71-6CA15C089425}.Release|Any CPU.Build.0 = Release|Any CPU
		{DE4134E8-515C-78BD-3275-6FC28689E1D5}.Debug|Any CPU.ActiveCfg = Debug|Any CPU
		{DE4134E8-515C-78BD-3275-6FC28689E1D5}.Debug|Any CPU.Build.0 = Debug|Any CPU
		{DE4134E8-515C-78BD-3275-6FC28689E1D5}.Release|Any CPU.ActiveCfg = Release|Any CPU
		{DE4134E8-515C-78BD-3275-6FC28689E1D5}.Release|Any CPU.Build.0 = Release|Any CPU
	EndGlobalSection
	GlobalSection(SolutionProperties) = preSolution
		HideSolutionNode = FALSE
	EndGlobalSection
EndGlobal
