
Microsoft Visual Studio Solution File, Format Version 12.00
# Visual Studio 15
Project("{FAE04EC0-301F-11D3-BF4B-00C04F79EFBC}") = "Assembly-CSharp", "Assembly-CSharp.csproj", "{881F13C1-EE3F-4EC7-1352-A6B05481E4E7}"
EndProject
Project("{FAE04EC0-301F-11D3-BF4B-00C04F79EFBC}") = "Assembly-CSharp-firstpass", "Assembly-CSharp-firstpass.csproj", "{C44B1B72-78EB-0AC5-CD8D-32FCFEECDB60}"
EndProject
Project("{FAE04EC0-301F-11D3-BF4B-00C04F79EFBC}") = "Assembly-CSharp-Editor-firstpass", "Assembly-CSharp-Editor-firstpass.csproj", "{D265703A-6E66-3797-C1D4-511B1F980E55}"
EndProject
Global
	GlobalSection(SolutionConfigurationPlatforms) = preSolution
		Debug|Any CPU = Debug|Any CPU
		Release|Any CPU = Release|Any CPU
	EndGlobalSection
	GlobalSection(ProjectConfigurationPlatforms) = postSolution
		{881F13C1-EE3F-4EC7-1352-A6B05481E4E7}.Debug|Any CPU.ActiveCfg = Debug|Any CPU
		{881F13C1-EE3F-4EC7-1352-A6B05481E4E7}.Debug|Any CPU.Build.0 = Debug|Any CPU
		{881F13C1-EE3F-4EC7-1352-A6B05481E4E7}.Release|Any CPU.ActiveCfg = Release|Any CPU
		{881F13C1-EE3F-4EC7-1352-A6B05481E4E7}.Release|Any CPU.Build.0 = Release|Any CPU
		{C44B1B72-78EB-0AC5-CD8D-32FCFEECDB60}.Debug|Any CPU.ActiveCfg = Debug|Any CPU
		{C44B1B72-78EB-0AC5-CD8D-32FCFEECDB60}.Debug|Any CPU.Build.0 = Debug|Any CPU
		{C44B1B72-78EB-0AC5-CD8D-32FCFEECDB60}.Release|Any CPU.ActiveCfg = Release|Any CPU
		{C44B1B72-78EB-0AC5-CD8D-32FCFEECDB60}.Release|Any CPU.Build.0 = Release|Any CPU
		{D265703A-6E66-3797-C1D4-511B1F980E55}.Debug|Any CPU.ActiveCfg = Debug|Any CPU
		{D265703A-6E66-3797-C1D4-511B1F980E55}.Debug|Any CPU.Build.0 = Debug|Any CPU
		{D265703A-6E66-3797-C1D4-511B1F980E55}.Release|Any CPU.ActiveCfg = Release|Any CPU
		{D265703A-6E66-3797-C1D4-511B1F980E55}.Release|Any CPU.Build.0 = Release|Any CPU
	EndGlobalSection
	GlobalSection(SolutionProperties) = preSolution
		HideSolutionNode = FALSE
	EndGlobalSection
EndGlobal
